<?xml version="1.0" encoding="utf-8"?>
<Project ToolsVersion="4.0" xmlns="http://schemas.microsoft.com/developer/msbuild/2003">
  <ItemGroup>
    <Filter Include="Source Files">
      <UniqueIdentifier>{4FC737F1-C7A5-4376-A066-2A32D752A2FF}</UniqueIdentifier>
      <Extensions>cpp;c;cc;cxx;c++;cppm;ixx;def;odl;idl;hpj;bat;asm;asmx</Extensions>
    </Filter>
    <Filter Include="Header Files">
      <UniqueIdentifier>{93995380-89BD-4b04-88EB-625FBE52EBFB}</UniqueIdentifier>
      <Extensions>h;hh;hpp;hxx;h++;hm;inl;inc;ipp;xsd</Extensions>
    </Filter>
  </ItemGroup>
  <ItemGroup>
    <ClInclude Include="activations.h">
      <Filter>Header Files</Filter>
    </ClInclude>
    <ClInclude Include="conv.h">
      <Filter>Header Files</Filter>
    </ClInclude>
    <ClInclude Include="data.h">
      <Filter>Header Files</Filter>
    </ClInclude>
    <ClInclude Include="dropout.h">
      <Filter>Header Files</Filter>
    </ClInclude>
    <ClInclude Include="loss.h">
      <Filter>Header Files</Filter>
    </ClInclude>
    <ClInclude Include="optimizer.h">
      <Filter>Header Files</Filter>
    </ClInclude>
    <ClInclude Include="pooling.h">
      <Filter>Header Files</Filter>
    </ClInclude>
    <ClInclude Include="tensor.h">
      <Filter>Header Files</Filter>
    </ClInclude>
    <ClInclude Include="utils.h">
      <Filter>Header Files</Filter>
    </ClInclude>
    <ClInclude Include="conv-relu.h">
      <Filter>Header Files</Filter>
    </ClInclude>
    <ClInclude Include="conv-softmax.h">
      <Filter>Header Files</Filter>
    </ClInclude>
    <ClInclude Include="unet-down.h">
      <Filter>Header Files</Filter>
    </ClInclude>
    <ClInclude Include="unet-up.h">
      <Filter>Header Files</Filter>
    </ClInclude>
  </ItemGroup>
  <ItemGroup>
    <ClCompile Include="data.cpp">
      <Filter>Source Files</Filter>
    </ClCompile>
    <ClCompile Include="main.cpp">
      <Filter>Source Files</Filter>
    </ClCompile>
    <ClCompile Include="utils.cpp">
      <Filter>Source Files</Filter>
    </ClCompile>
  </ItemGroup>
  <ItemGroup>
    <CudaCompile Include="activations.cu">
      <Filter>Source Files</Filter>
    </CudaCompile>
    <CudaCompile Include="conv.cu">
      <Filter>Source Files</Filter>
    </CudaCompile>
    <CudaCompile Include="dropout.cu">
      <Filter>Source Files</Filter>
    </CudaCompile>
    <CudaCompile Include="loss.cu">
      <Filter>Source Files</Filter>
    </CudaCompile>
    <CudaCompile Include="optimizer.cu">
      <Filter>Source Files</Filter>
    </CudaCompile>
    <CudaCompile Include="pooling.cu">
      <Filter>Source Files</Filter>
    </CudaCompile>
    <CudaCompile Include="tensor.cu">
      <Filter>Source Files</Filter>
    </CudaCompile>
    <CudaCompile Include="conv-relu.cu">
      <Filter>Source Files</Filter>
    </CudaCompile>
    <CudaCompile Include="conv-softmax.cu">
      <Filter>Source Files</Filter>
    </CudaCompile>
    <CudaCompile Include="unet-down.cu">
      <Filter>Source Files</Filter>
    </CudaCompile>
    <CudaCompile Include="unet-up.cu">
      <Filter>Source Files</Filter>
    </CudaCompile>
  </ItemGroup>
</Project>